<?xml version="1.0" encoding="utf-8"?>
<Project ToolsVersion="4.0" xmlns="http://schemas.microsoft.com/developer/msbuild/2003">
  <ItemGroup>
    <ClCompile Include="Engine\Engine.cpp">
      <Filter>Engine</Filter>
    </ClCompile>
    <ClCompile Include="Engine\Window\Windows\Main\Window.cpp">
      <Filter>Engine\Window\Windows\Main</Filter>
    </ClCompile>
    <ClCompile Include="Engine\Window\Windows\Main\WinMain.cpp">
      <Filter>Engine\Window\Windows\Main</Filter>
    </ClCompile>
    <ClCompile Include="Engine\Window\Windows\Console\Console.cpp">
      <Filter>Engine\Window\Windows\Console</Filter>
    </ClCompile>
    <ClCompile Include="Engine\Exceptions\DxgiInfo.cpp">
      <Filter>Engine\Exceptions</Filter>
    </ClCompile>
    <ClCompile Include="Engine\Exceptions\EngineExceptions.cpp">
      <Filter>Engine\Exceptions</Filter>
    </ClCompile>
    <ClCompile Include="Engine\Helpers\StringHelper.cpp">
      <Filter>Engine\Helpers</Filter>
    </ClCompile>
    <ClCompile Include="Engine\Helpers\Timer.cpp">
      <Filter>Engine\Helpers</Filter>
    </ClCompile>
    <ClCompile Include="Engine\Helpers\Paths.cpp">
      <Filter>Engine\Helpers</Filter>
    </ClCompile>
    <ClCompile Include="Engine\Input\Keyboard.cpp">
      <Filter>Engine\Input</Filter>
    </ClCompile>
    <ClCompile Include="Engine\Input\Mouse.cpp">
      <Filter>Engine\Input</Filter>
    </ClCompile>
    <ClCompile Include="Engine\Graphics\Renderer.cpp">
      <Filter>Engine\Graphics</Filter>
    </ClCompile>
    <ClCompile Include="Engine\Graphics\Systems\DX11\BuffersDX11.cpp">
      <Filter>Engine\Graphics\Systems\DX11</Filter>
    </ClCompile>
    <ClCompile Include="Engine\Graphics\Systems\DX11\BindableDX11.cpp">
      <Filter>Engine\Graphics\Systems\DX11</Filter>
    </ClCompile>
    <ClCompile Include="Engine\Graphics\Systems\DX11\GraphicAdapter.cpp">
      <Filter>Engine\Graphics\Systems\DX11</Filter>
    </ClCompile>
    <ClCompile Include="Engine\Graphics\Systems\DX11\RendererDX11.cpp">
      <Filter>Engine\Graphics\Systems\DX11</Filter>
    </ClCompile>
    <ClCompile Include="Engine\Graphics\Systems\DX11\RenderDataDX11.cpp">
      <Filter>Engine\Graphics\Systems\DX11</Filter>
    </ClCompile>
    <ClCompile Include="Engine\Graphics\Systems\DX11\ShadersDX11.cpp">
      <Filter>Engine\Graphics\Systems\DX11</Filter>
    </ClCompile>
    <ClCompile Include="Engine\Graphics\Base\Mesh.cpp">
      <Filter>Engine\Graphics\Base</Filter>
    </ClCompile>
    <ClCompile Include="Engine\Graphics\Base\Material.cpp">
      <Filter>Engine\Graphics\Base</Filter>
    </ClCompile>
    <ClCompile Include="Engine\Graphics\Base\Texture2D.cpp">
      <Filter>Engine\Graphics\Base</Filter>
    </ClCompile>
    <ClCompile Include="Engine\Graphics\Base\RenderQueue.cpp">
      <Filter>Engine\Graphics\Base</Filter>
    </ClCompile>
    <ClCompile Include="Engine\Scene\Scene.cpp">
      <Filter>Engine\Scene</Filter>
    </ClCompile>
    <ClCompile Include="Engine\Scene\SceneMap.cpp">
      <Filter>Engine\Scene</Filter>
    </ClCompile>
    <ClCompile Include="Engine\Scene\TestMap.cpp">
      <Filter>Engine\Scene</Filter>
    </ClCompile>
    <ClCompile Include="Engine\Scene\DefaultPlayerCameraComponent.cpp">
      <Filter>Engine\Scene</Filter>
    </ClCompile>
    <ClCompile Include="Engine\Scene\CameraComponent.cpp">
      <Filter>Engine\Scene</Filter>
    </ClCompile>
    <ClCompile Include="Engine\Scene\SceneComponent.cpp">
      <Filter>Engine\Scene</Filter>
    </ClCompile>
    <ClCompile Include="Engine\Scene\MeshComponent.cpp">
      <Filter>Engine\Scene</Filter>
    </ClCompile>
    <ClCompile Include="Engine\Scene\SceneObject.cpp">
      <Filter>Engine\Scene</Filter>
    </ClCompile>
    <ClCompile Include="Engine\Scene\MeshObject.cpp">
      <Filter>Engine\Scene</Filter>
    </ClCompile>
    <ClCompile Include="Engine\Base\Color.cpp">
      <Filter>Engine\Base</Filter>
    </ClCompile>
    <ClCompile Include="Engine\Base\Vertex.cpp">
      <Filter>Engine\Base</Filter>
    </ClCompile>
    <ClCompile Include="Engine\Base\Transform.cpp">
      <Filter>Engine\Base</Filter>
    </ClCompile>
    <ClCompile Include="Engine\Base\Vector.cpp">
      <Filter>Engine\Base</Filter>
    </ClCompile>
    <ClCompile Include="Engine\Base\GameDataManager.cpp">
      <Filter>Engine\Base</Filter>
    </ClCompile>
    <ClCompile Include="Engine\Base\Primitives.cpp">
      <Filter>Engine\Base</Filter>
    </ClCompile>
    <ClCompile Include="Engine\Base\Transformable.cpp">
      <Filter>Engine\Base</Filter>
    </ClCompile>
    <ClCompile Include="Engine\Base\Rotator.cpp">
      <Filter>Engine\Base</Filter>
    </ClCompile>
    <ClCompile Include="Engine\Base\Math.cpp">
      <Filter>Engine\Base</Filter>
    </ClCompile>
    <ClCompile Include="Engine\IO\EngineIO.cpp">
      <Filter>Engine\IO</Filter>
    </ClCompile>
    <ClCompile Include="Engine\IO\SceneIO.cpp">
      <Filter>Engine\IO</Filter>
    </ClCompile>
    <ClCompile Include="Engine\IO\RenderIO.cpp">
      <Filter>Engine\IO</Filter>
    </ClCompile>
    <ClCompile Include="Engine\Diagnostics\Logger.cpp">
      <Filter>Engine\Diagnostics</Filter>
    </ClCompile>
    <ClCompile Include="Includes\dxerr\dxerr.cpp">
      <Filter>Includes\dxerr</Filter>
    </ClCompile>
    <ClCompile Include="Includes\ImGui\imgui.cpp">
      <Filter>Includes\ImGui</Filter>
    </ClCompile>
    <ClCompile Include="Includes\ImGui\imgui_draw.cpp">
      <Filter>Includes\ImGui</Filter>
    </ClCompile>
    <ClCompile Include="Includes\ImGui\imgui_impl_dx11.cpp">
      <Filter>Includes\ImGui</Filter>
    </ClCompile>
    <ClCompile Include="Includes\ImGui\imgui_impl_win32.cpp">
      <Filter>Includes\ImGui</Filter>
    </ClCompile>
    <ClCompile Include="Includes\ImGui\imgui_tables.cpp">
      <Filter>Includes\ImGui</Filter>
    </ClCompile>
    <ClCompile Include="Includes\ImGui\imgui_widgets.cpp">
      <Filter>Includes\ImGui</Filter>
    </ClCompile>
    <ClCompile Include="Engine\Graphics\Systems\DX11\GraphicFactoryDX11.cpp" />
    <ClCompile Include="Engine\Graphics\Systems\DX11\Texture2DDX11.cpp" />
    <ClCompile Include="Engine\Base\GameDataLoader.cpp" />
    <ClCompile Include="Engine\Base\GameResource.cpp" />
  </ItemGroup>
  <ItemGroup>
    <ClInclude Include="Engine\CoreBase.hpp">
      <Filter>Engine</Filter>
    </ClInclude>
    <ClInclude Include="Engine\Engine.hpp">
      <Filter>Engine</Filter>
    </ClInclude>
    <ClInclude Include="Engine\Window\Windows\WinApi.hpp">
      <Filter>Engine\Window\Windows</Filter>
    </ClInclude>
    <ClInclude Include="Engine\Window\Windows\Main\Window.hpp">
      <Filter>Engine\Window\Windows\Main</Filter>
    </ClInclude>
    <ClInclude Include="Engine\Window\Windows\Console\Console.hpp">
      <Filter>Engine\Window\Windows\Console</Filter>
    </ClInclude>
    <ClInclude Include="Engine\Window\Resource\resource.h">
      <Filter>Engine\Window\Resource</Filter>
    </ClInclude>
    <ClInclude Include="Engine\Window\Base\Console.hpp">
      <Filter>Engine\Window\Base</Filter>
    </ClInclude>
    <ClInclude Include="Engine\Exceptions\DxgiInfo.hpp">
      <Filter>Engine\Exceptions</Filter>
    </ClInclude>
    <ClInclude Include="Engine\Exceptions\GraphicsExceptions.hpp">
      <Filter>Engine\Exceptions</Filter>
    </ClInclude>
    <ClInclude Include="Engine\Exceptions\EngineExceptions.hpp">
      <Filter>Engine\Exceptions</Filter>
    </ClInclude>
    <ClInclude Include="Engine\Exceptions\WindowExceptions.hpp">
      <Filter>Engine\Exceptions</Filter>
    </ClInclude>
    <ClInclude Include="Engine\Helpers\Timer.hpp">
      <Filter>Engine\Helpers</Filter>
    </ClInclude>
    <ClInclude Include="Engine\Helpers\Paths.hpp">
      <Filter>Engine\Helpers</Filter>
    </ClInclude>
    <ClInclude Include="Engine\Helpers\StringHelper.hpp">
      <Filter>Engine\Helpers</Filter>
    </ClInclude>
    <ClInclude Include="Engine\Input\InputDevice.hpp">
      <Filter>Engine\Input</Filter>
    </ClInclude>
    <ClInclude Include="Engine\Input\Keyboard.hpp">
      <Filter>Engine\Input</Filter>
    </ClInclude>
    <ClInclude Include="Engine\Input\Mouse.hpp">
      <Filter>Engine\Input</Filter>
    </ClInclude>
    <ClInclude Include="Engine\Graphics\Renderer.hpp">
      <Filter>Engine\Graphics</Filter>
    </ClInclude>
    <ClInclude Include="Engine\Graphics\Systems\DX11\BuffersDX11.hpp">
      <Filter>Engine\Graphics\Systems\DX11</Filter>
    </ClInclude>
    <ClInclude Include="Engine\Graphics\Systems\DX11\BindableDX11.hpp">
      <Filter>Engine\Graphics\Systems\DX11</Filter>
    </ClInclude>
    <ClInclude Include="Engine\Graphics\Systems\DX11\GraphicAdapter.hpp">
      <Filter>Engine\Graphics\Systems\DX11</Filter>
    </ClInclude>
    <ClInclude Include="Engine\Graphics\Systems\DX11\DirectXDef.hpp">
      <Filter>Engine\Graphics\Systems\DX11</Filter>
    </ClInclude>
    <ClInclude Include="Engine\Graphics\Systems\DX11\RendererDX11.hpp">
      <Filter>Engine\Graphics\Systems\DX11</Filter>
    </ClInclude>
    <ClInclude Include="Engine\Graphics\Systems\DX11\RenderDataDX11.hpp">
      <Filter>Engine\Graphics\Systems\DX11</Filter>
    </ClInclude>
    <ClInclude Include="Engine\Graphics\Systems\DX11\ConstantBuffers.hpp">
      <Filter>Engine\Graphics\Systems\DX11</Filter>
    </ClInclude>
    <ClInclude Include="Engine\Graphics\Systems\DX11\ShadersDX11.hpp">
      <Filter>Engine\Graphics\Systems\DX11</Filter>
    </ClInclude>
    <ClInclude Include="Engine\Graphics\Base\IDrawable.hpp">
      <Filter>Engine\Graphics\Base</Filter>
    </ClInclude>
    <ClInclude Include="Engine\Graphics\Base\IBindable.hpp">
      <Filter>Engine\Graphics\Base</Filter>
    </ClInclude>
    <ClInclude Include="Engine\Graphics\Base\Mesh.hpp">
      <Filter>Engine\Graphics\Base</Filter>
    </ClInclude>
    <ClInclude Include="Engine\Graphics\Base\Material.hpp">
      <Filter>Engine\Graphics\Base</Filter>
    </ClInclude>
    <ClInclude Include="Engine\Graphics\Base\Texture2D.hpp">
      <Filter>Engine\Graphics\Base</Filter>
    </ClInclude>
    <ClInclude Include="Engine\Graphics\Base\RenderQueue.hpp">
      <Filter>Engine\Graphics\Base</Filter>
    </ClInclude>
    <ClInclude Include="Engine\Graphics\Base\RenderData.hpp">
      <Filter>Engine\Graphics\Base</Filter>
    </ClInclude>
    <ClInclude Include="Engine\Graphics\Base\GraphicFactory.hpp">
      <Filter>Engine\Graphics\Base</Filter>
    </ClInclude>
    <ClInclude Include="Engine\Scene\Scene.hpp">
      <Filter>Engine\Scene</Filter>
    </ClInclude>
    <ClInclude Include="Engine\Scene\SceneMap.hpp">
      <Filter>Engine\Scene</Filter>
    </ClInclude>
    <ClInclude Include="Engine\Scene\TestMap.hpp">
      <Filter>Engine\Scene</Filter>
    </ClInclude>
    <ClInclude Include="Engine\Scene\DefaultPlayerCameraComponent.hpp">
      <Filter>Engine\Scene</Filter>
    </ClInclude>
    <ClInclude Include="Engine\Scene\CameraComponent.hpp">
      <Filter>Engine\Scene</Filter>
    </ClInclude>
    <ClInclude Include="Engine\Scene\SceneComponent.hpp">
      <Filter>Engine\Scene</Filter>
    </ClInclude>
    <ClInclude Include="Engine\Scene\MeshComponent.hpp">
      <Filter>Engine\Scene</Filter>
    </ClInclude>
    <ClInclude Include="Engine\Scene\SceneObject.hpp">
      <Filter>Engine\Scene</Filter>
    </ClInclude>
    <ClInclude Include="Engine\Scene\MeshObject.hpp">
      <Filter>Engine\Scene</Filter>
    </ClInclude>
    <ClInclude Include="Engine\Base\Color.hpp">
      <Filter>Engine\Base</Filter>
    </ClInclude>
    <ClInclude Include="Engine\Base\Vertex.hpp">
      <Filter>Engine\Base</Filter>
    </ClInclude>
    <ClInclude Include="Engine\Base\Transform.hpp">
      <Filter>Engine\Base</Filter>
    </ClInclude>
    <ClInclude Include="Engine\Base\Vector.hpp">
      <Filter>Engine\Base</Filter>
    </ClInclude>
    <ClInclude Include="Engine\Base\GameDataManager.hpp">
      <Filter>Engine\Base</Filter>
    </ClInclude>
    <ClInclude Include="Engine\Base\Events.hpp">
      <Filter>Engine\Base</Filter>
    </ClInclude>
    <ClInclude Include="Engine\Base\Primitives.hpp">
      <Filter>Engine\Base</Filter>
    </ClInclude>
    <ClInclude Include="Engine\Base\Transformable.hpp">
      <Filter>Engine\Base</Filter>
    </ClInclude>
    <ClInclude Include="Engine\Base\Rotator.hpp">
      <Filter>Engine\Base</Filter>
    </ClInclude>
    <ClInclude Include="Engine\Base\Math.hpp">
      <Filter>Engine\Base</Filter>
    </ClInclude>
    <ClInclude Include="Engine\IO\EngineIO.hpp">
      <Filter>Engine\IO</Filter>
    </ClInclude>
    <ClInclude Include="Engine\IO\SceneIO.hpp">
      <Filter>Engine\IO</Filter>
    </ClInclude>
    <ClInclude Include="Engine\IO\RenderIO.hpp">
      <Filter>Engine\IO</Filter>
    </ClInclude>
    <ClInclude Include="Engine\Diagnostics\Logger.hpp">
      <Filter>Engine\Diagnostics</Filter>
    </ClInclude>
    <ClInclude Include="Includes\dxerr\dxerr.h">
      <Filter>Includes\dxerr</Filter>
    </ClInclude>
    <ClInclude Include="Includes\ImGui\imconfig.h">
      <Filter>Includes\ImGui</Filter>
    </ClInclude>
    <ClInclude Include="Includes\ImGui\imgui.h">
      <Filter>Includes\ImGui</Filter>
    </ClInclude>
    <ClInclude Include="Includes\ImGui\imgui_impl_dx11.h">
      <Filter>Includes\ImGui</Filter>
    </ClInclude>
    <ClInclude Include="Includes\ImGui\imgui_impl_dx12.h">
      <Filter>Includes\ImGui</Filter>
    </ClInclude>
    <ClInclude Include="Includes\ImGui\imgui_impl_win32.h">
      <Filter>Includes\ImGui</Filter>
    </ClInclude>
    <ClInclude Include="Includes\ImGui\imgui_internal.h">
      <Filter>Includes\ImGui</Filter>
    </ClInclude>
    <ClInclude Include="Includes\ImGui\imstb_rectpack.h">
      <Filter>Includes\ImGui</Filter>
    </ClInclude>
    <ClInclude Include="Includes\ImGui\imstb_textedit.h">
      <Filter>Includes\ImGui</Filter>
    </ClInclude>
    <ClInclude Include="Includes\ImGui\imstb_truetype.h">
      <Filter>Includes\ImGui</Filter>
    </ClInclude>
    <ClInclude Include="Engine\Graphics\Systems\DX11\GraphicFactoryDX11.hpp" />
    <ClInclude Include="Engine\Graphics\Systems\DX11\Texture2DDX11.hpp" />
    <ClInclude Include="Engine\Base\GameDataLoader.hpp" />
    <ClInclude Include="Engine\Base\GameResource.hpp" />
  </ItemGroup>
  <ItemGroup>
    <FxCompile Include="PixelShader.hlsl" />
    <FxCompile Include="VertexShader.hlsl" />
  </ItemGroup>
  <ItemGroup>
    <None Include="Includes\dxerr\DXGetErrorDescription.inl">
      <Filter>Includes\dxerr</Filter>
    </None>
    <None Include="Includes\dxerr\DXGetErrorString.inl">
      <Filter>Includes\dxerr</Filter>
    </None>
    <None Include="Includes\dxerr\DXTrace.inl">
      <Filter>Includes\dxerr</Filter>
    </None>
  </ItemGroup>
  <ItemGroup>
    <Filter Include="Engine">
      <UniqueIdentifier>{93c2785b-dc57-4e45-9d7f-84e681a0ff3e}</UniqueIdentifier>
    </Filter>
    <Filter Include="Engine\Window">
      <UniqueIdentifier>{f2190e99-1d54-48e3-a2c4-be4bf3b2a18c}</UniqueIdentifier>
    </Filter>
    <Filter Include="Engine\Window\Windows">
      <UniqueIdentifier>{02271acf-71a4-4012-a807-c403bc2119c5}</UniqueIdentifier>
    </Filter>
    <Filter Include="Engine\Window\Windows\Main">
      <UniqueIdentifier>{57d49e9b-b2fc-4a58-96a5-f7295e949698}</UniqueIdentifier>
    </Filter>
    <Filter Include="Engine\Window\Windows\Console">
      <UniqueIdentifier>{590137bf-2a88-4ee3-9acd-07a4eef3d800}</UniqueIdentifier>
    </Filter>
    <Filter Include="Engine\Window\Resource">
      <UniqueIdentifier>{950aabe7-5bb3-4b50-ab22-528b5ad04227}</UniqueIdentifier>
    </Filter>
    <Filter Include="Engine\Window\Base">
      <UniqueIdentifier>{5786bd24-a5d0-4e1a-a3ee-3c2e71a224cc}</UniqueIdentifier>
    </Filter>
    <Filter Include="Engine\Exceptions">
      <UniqueIdentifier>{fc54cf96-a382-47a4-9457-f0e54e56e715}</UniqueIdentifier>
    </Filter>
    <Filter Include="Engine\Helpers">
      <UniqueIdentifier>{d23130cd-b4ab-43b0-ab21-d7c38d64fecc}</UniqueIdentifier>
    </Filter>
    <Filter Include="Engine\Input">
      <UniqueIdentifier>{123d528e-b420-4d5f-b063-af7499004b3f}</UniqueIdentifier>
    </Filter>
    <Filter Include="Engine\Graphics">
      <UniqueIdentifier>{5a12a0a0-71dc-4451-af98-bcf1a3d4e82c}</UniqueIdentifier>
    </Filter>
    <Filter Include="Engine\Graphics\Systems">
      <UniqueIdentifier>{a50e367d-e283-4242-bf0f-91805cef0dd1}</UniqueIdentifier>
    </Filter>
    <Filter Include="Engine\Graphics\Systems\DX11">
      <UniqueIdentifier>{8dc00934-edc3-4c3f-8d7b-025cabda3bbe}</UniqueIdentifier>
    </Filter>
    <Filter Include="Engine\Graphics\Base">
      <UniqueIdentifier>{60d485a7-2da0-47ff-906b-4ad15cf26117}</UniqueIdentifier>
    </Filter>
    <Filter Include="Engine\Scene">
      <UniqueIdentifier>{76cc13ff-cc1e-4b23-b308-81a046ced358}</UniqueIdentifier>
    </Filter>
    <Filter Include="Engine\Base">
      <UniqueIdentifier>{a24fd088-6dc4-48df-9daf-337855854325}</UniqueIdentifier>
    </Filter>
    <Filter Include="Engine\IO">
      <UniqueIdentifier>{74bec30a-55b6-471a-a4cb-45977789460a}</UniqueIdentifier>
    </Filter>
    <Filter Include="Engine\Diagnostics">
      <UniqueIdentifier>{9c2826ef-1944-4e99-91cd-cfe20cfaf594}</UniqueIdentifier>
    </Filter>
    <Filter Include="Includes">
      <UniqueIdentifier>{1db57b94-a63c-43a4-86be-cfaeca2af527}</UniqueIdentifier>
    </Filter>
    <Filter Include="Includes\dxerr">
      <UniqueIdentifier>{97a952cf-c616-42ca-8d6e-06444cd77a56}</UniqueIdentifier>
    </Filter>
    <Filter Include="Includes\ImGui">
      <UniqueIdentifier>{81207445-84b0-4aa2-b6b3-d109e0c202fd}</UniqueIdentifier>
    </Filter>
  </ItemGroup>
  <ItemGroup>
    <ResourceCompile Include="Engine\Window\Resource\LimeEngine.rc">
      <Filter>Engine\Window\Resource</Filter>
    </ResourceCompile>
  </ItemGroup>
  <ItemGroup>
    <Image Include="Engine\Window\Resource\cherry.ico">
      <Filter>Engine\Window\Resource</Filter>
    </Image>
  </ItemGroup>
</Project>