<?xml version="1.0" encoding="utf-8"?>
<Project ToolsVersion="4.0" xmlns="http://schemas.microsoft.com/developer/msbuild/2003">
  <ItemGroup>
    <Filter Include="Engine">
      <UniqueIdentifier>{ba329b0f-8768-498c-9520-18bff8b96efd}</UniqueIdentifier>
    </Filter>
    <Filter Include="Engine\Window">
      <UniqueIdentifier>{33bf96b8-e7da-4068-9f91-223681ec9396}</UniqueIdentifier>
    </Filter>
    <Filter Include="Engine\Exceptions">
      <UniqueIdentifier>{4eaf295e-1c90-4949-b131-9aa1c8203eaa}</UniqueIdentifier>
    </Filter>
    <Filter Include="Engine\Helpers">
      <UniqueIdentifier>{642d5d0c-4ef4-4349-98b0-0399ffb6f1bb}</UniqueIdentifier>
    </Filter>
    <Filter Include="Engine\Window\Resources">
      <UniqueIdentifier>{3b4eec78-24db-4d77-9e0b-8339e22e9f38}</UniqueIdentifier>
    </Filter>
    <Filter Include="Engine\Input">
      <UniqueIdentifier>{065edf82-b98b-4e8b-b622-e4211bf39a0a}</UniqueIdentifier>
    </Filter>
    <Filter Include="Engine\Graphics">
      <UniqueIdentifier>{9225a1bc-b0ad-4f9b-ae70-eccbc1974033}</UniqueIdentifier>
    </Filter>
    <Filter Include="Engine\Graphics\Resources">
      <UniqueIdentifier>{8d5860a3-2445-47cb-8c66-7c7a15667c3e}</UniqueIdentifier>
    </Filter>
    <Filter Include="Engine\Graphics\Resources\Shaders">
      <UniqueIdentifier>{d4f773c0-bed0-41c0-824d-39d148abe15d}</UniqueIdentifier>
    </Filter>
    <Filter Include="Engine\Scene">
      <UniqueIdentifier>{16109484-e514-4e56-a244-498ca46a9ed3}</UniqueIdentifier>
    </Filter>
    <Filter Include="Engine\Base">
      <UniqueIdentifier>{d0d4a15b-8c0e-46ef-9f39-6a5a96cec5aa}</UniqueIdentifier>
    </Filter>
    <Filter Include="Includes">
      <UniqueIdentifier>{e5656f2e-698b-4c52-aab7-672ea616c678}</UniqueIdentifier>
    </Filter>
    <Filter Include="Includes\dxerr">
      <UniqueIdentifier>{fd0a2959-07c6-4920-8d7e-59ef08c79e94}</UniqueIdentifier>
    </Filter>
    <Filter Include="Includes\ImGui">
      <UniqueIdentifier>{0b8bd258-fd1f-4616-8122-384f5f1b0e12}</UniqueIdentifier>
    </Filter>
    <Filter Include="Engine\Scene\Maps">
      <UniqueIdentifier>{944ecbf0-254c-4c4a-acfb-1bb83b829061}</UniqueIdentifier>
    </Filter>
    <Filter Include="Engine\Scene\Components">
      <UniqueIdentifier>{50152d77-33df-43cd-accf-0d257049b5e0}</UniqueIdentifier>
    </Filter>
    <Filter Include="Engine\Scene\Objects">
      <UniqueIdentifier>{7e4b3a42-e5ac-4ff3-a3d1-b5d6c62bf162}</UniqueIdentifier>
    </Filter>
    <Filter Include="Engine\Graphics\Systems">
      <UniqueIdentifier>{1449ff43-61a7-4af8-b882-996027725510}</UniqueIdentifier>
    </Filter>
    <Filter Include="Engine\Graphics\Systems\DirectX11">
      <UniqueIdentifier>{dc486e6a-4d13-4995-91c4-c76b1d585c29}</UniqueIdentifier>
    </Filter>
    <Filter Include="Engine\Graphics\Systems\DirectX11\Buffers">
      <UniqueIdentifier>{6c98179c-6e73-483c-a639-f46e47503b90}</UniqueIdentifier>
    </Filter>
    <Filter Include="Engine\Graphics\Systems\DirectX11\Shaders">
      <UniqueIdentifier>{ed0dd5a7-b4ee-4554-9b34-aeb32bcde501}</UniqueIdentifier>
    </Filter>
    <Filter Include="Engine\Graphics\Base">
      <UniqueIdentifier>{0b32a468-66e1-40c9-a83d-c3771f6ef78f}</UniqueIdentifier>
    </Filter>
    <Filter Include="Engine\Graphics\Systems\DirectX11\Base">
      <UniqueIdentifier>{3c312344-4d6c-4b87-90a7-e78e4e9b9cb1}</UniqueIdentifier>
    </Filter>
    <Filter Include="Engine\IO">
      <UniqueIdentifier>{77cc0b76-5942-4ea9-adc0-c8a8380126eb}</UniqueIdentifier>
    </Filter>
  </ItemGroup>
  <ItemGroup>
    <ClCompile Include="Engine\Window\Window.cpp">
      <Filter>Engine\Window</Filter>
    </ClCompile>
    <ClCompile Include="Engine\Exceptions\EngineExceptions.cpp">
      <Filter>Engine\Exceptions</Filter>
    </ClCompile>
    <ClCompile Include="Engine\Helpers\StringHelper.cpp">
      <Filter>Engine\Helpers</Filter>
    </ClCompile>
    <ClCompile Include="Engine\Window\WinMain.cpp">
      <Filter>Engine\Window</Filter>
    </ClCompile>
    <ClCompile Include="Engine\Input\Keyboard.cpp">
      <Filter>Engine\Input</Filter>
    </ClCompile>
    <ClCompile Include="Engine\Engine.cpp">
      <Filter>Engine</Filter>
    </ClCompile>
    <ClCompile Include="Engine\Input\Mouse.cpp">
      <Filter>Engine\Input</Filter>
    </ClCompile>
    <ClCompile Include="Engine\Helpers\Timer.cpp">
      <Filter>Engine\Helpers</Filter>
    </ClCompile>
    <ClCompile Include="Engine\Helpers\Paths.cpp">
      <Filter>Engine\Helpers</Filter>
    </ClCompile>
    <ClCompile Include="Engine\Exceptions\GraphicsExceptions.cpp">
      <Filter>Engine\Exceptions</Filter>
    </ClCompile>
    <ClCompile Include="Engine\Graphics\Systems\DX11\IndexBuffer.cpp">
      <Filter>Engine\Graphics\Systems\DirectX11\Buffers</Filter>
    </ClCompile>
    <ClCompile Include="Engine\Graphics\Systems\DX11\VertexBuffer.cpp">
      <Filter>Engine\Graphics\Systems\DirectX11\Buffers</Filter>
    </ClCompile>
    <ClCompile Include="Engine\Graphics\Systems\DX11\Shaders.cpp">
      <Filter>Engine\Graphics\Systems\DirectX11\Shaders</Filter>
    </ClCompile>
    <ClCompile Include="Engine\Base\Vertex.cpp">
      <Filter>Engine\Base</Filter>
    </ClCompile>
    <ClCompile Include="Engine\Base\Vector.cpp">
      <Filter>Engine\Base</Filter>
    </ClCompile>
    <ClCompile Include="Engine\Base\Transform.cpp">
      <Filter>Engine\Base</Filter>
    </ClCompile>
    <ClCompile Include="Includes\dxerr\dxerr.cpp">
      <Filter>Includes\dxerr</Filter>
    </ClCompile>
    <ClCompile Include="Engine\Exceptions\DxgiInfo.cpp">
      <Filter>Engine\Exceptions</Filter>
    </ClCompile>
    <ClCompile Include="Includes\ImGui\imgui_impl_dx11.cpp">
      <Filter>Includes\ImGui</Filter>
    </ClCompile>
    <ClCompile Include="Includes\ImGui\imgui_impl_win32.cpp">
      <Filter>Includes\ImGui</Filter>
    </ClCompile>
    <ClCompile Include="Includes\ImGui\imgui_tables.cpp">
      <Filter>Includes\ImGui</Filter>
    </ClCompile>
    <ClCompile Include="Includes\ImGui\imgui_widgets.cpp">
      <Filter>Includes\ImGui</Filter>
    </ClCompile>
    <ClCompile Include="Includes\ImGui\imgui.cpp">
      <Filter>Includes\ImGui</Filter>
    </ClCompile>
    <ClCompile Include="Includes\ImGui\imgui_draw.cpp">
      <Filter>Includes\ImGui</Filter>
    </ClCompile>
    <ClCompile Include="Engine\Base\GameDataManager.cpp">
      <Filter>Engine\Base</Filter>
    </ClCompile>
    <ClCompile Include="Engine\Exceptions\WindowExceptions.cpp">
      <Filter>Engine\Exceptions</Filter>
    </ClCompile>
    <ClCompile Include="Engine\Scene\TestMap.cpp">
      <Filter>Engine\Scene\Maps</Filter>
    </ClCompile>
    <ClCompile Include="Engine\Scene\Scene.cpp">
      <Filter>Engine\Scene</Filter>
    </ClCompile>
    <ClCompile Include="Engine\Scene\SceneObject.cpp">
      <Filter>Engine\Scene\Objects</Filter>
    </ClCompile>
    <ClCompile Include="Engine\Scene\SceneMap.cpp">
      <Filter>Engine\Scene\Maps</Filter>
    </ClCompile>
    <ClCompile Include="Engine\Scene\MeshComponent.cpp">
      <Filter>Engine\Scene\Components</Filter>
    </ClCompile>
    <ClCompile Include="Engine\Scene\SceneComponent.cpp">
      <Filter>Engine\Scene\Components</Filter>
    </ClCompile>
    <ClCompile Include="Engine\Scene\MeshObject.cpp">
      <Filter>Engine\Scene\Objects</Filter>
    </ClCompile>
    <ClCompile Include="Engine\Base\Transformable.cpp">
      <Filter>Engine\Base</Filter>
    </ClCompile>
    <ClCompile Include="Engine\Base\Rotator.cpp">
      <Filter>Engine\Base</Filter>
    </ClCompile>
    <ClCompile Include="Engine\Scene\CameraComponent.cpp">
      <Filter>Engine\Scene\Components</Filter>
    </ClCompile>
    <ClCompile Include="Engine\Scene\DefaultPlayerCameraComponent.cpp">
      <Filter>Engine\Scene\Components</Filter>
    </ClCompile>
    <ClCompile Include="Engine\Graphics\Renderer.cpp">
      <Filter>Engine\Graphics</Filter>
    </ClCompile>
    <ClCompile Include="Engine\Graphics\Systems\RenderingSystem.cpp">
      <Filter>Engine\Graphics\Systems</Filter>
    </ClCompile>
    <ClCompile Include="Engine\Graphics\Systems\DX11\RenderingSystemDX11.cpp">
      <Filter>Engine\Graphics\Systems\DirectX11</Filter>
    </ClCompile>
    <ClCompile Include="Engine\Graphics\Base\Texture2D.cpp">
      <Filter>Engine\Graphics\Base</Filter>
    </ClCompile>
    <ClCompile Include="Engine\Graphics\Base\Mesh.cpp">
      <Filter>Engine\Graphics\Base</Filter>
    </ClCompile>
    <ClCompile Include="Engine\Graphics\Base\Material.cpp">
      <Filter>Engine\Graphics\Base</Filter>
    </ClCompile>
    <ClCompile Include="Engine\Graphics\Systems\DX11\MeshDX11.cpp">
      <Filter>Engine\Graphics\Systems\DirectX11\Base</Filter>
    </ClCompile>
    <ClCompile Include="Engine\Graphics\Systems\DX11\GraphicAdapter.cpp">
      <Filter>Engine\Graphics\Systems\DirectX11</Filter>
    </ClCompile>
    <ClCompile Include="Engine\IO\EngineIO.cpp">
      <Filter>Engine\IO</Filter>
    </ClCompile>
    <ClCompile Include="Engine\IO\SceneIO.cpp">
      <Filter>Engine\IO</Filter>
    </ClCompile>
    <ClCompile Include="Engine\IO\RenderIO.cpp">
      <Filter>Engine\IO</Filter>
    </ClCompile>
    <ClCompile Include="Engine\Graphics\Systems\DX11\MaterialDX11.cpp">
      <Filter>Engine\Graphics\Systems\DirectX11\Base</Filter>
    </ClCompile>
    <ClCompile Include="Engine\Graphics\Systems\DX11\Texture2DDX11.cpp">
      <Filter>Engine\Graphics\Systems\DirectX11\Base</Filter>
    </ClCompile>
  </ItemGroup>
  <ItemGroup>
    <ClInclude Include="Engine\Window\resource.h">
      <Filter>Engine\Window\Resources</Filter>
    </ClInclude>
    <ClInclude Include="Engine\Window\Window.hpp">
      <Filter>Engine\Window</Filter>
    </ClInclude>
    <ClInclude Include="Engine\Exceptions\EngineExceptions.hpp">
      <Filter>Engine\Exceptions</Filter>
    </ClInclude>
    <ClInclude Include="Engine\Helpers\StringHelper.hpp">
      <Filter>Engine\Helpers</Filter>
    </ClInclude>
    <ClInclude Include="Engine\Input\Keyboard.hpp">
      <Filter>Engine\Input</Filter>
    </ClInclude>
    <ClInclude Include="Engine\Input\InputDevice.hpp">
      <Filter>Engine\Input</Filter>
    </ClInclude>
    <ClInclude Include="Engine\Engine.hpp">
      <Filter>Engine</Filter>
    </ClInclude>
    <ClInclude Include="Engine\Window\WinApi.hpp">
      <Filter>Engine\Window</Filter>
    </ClInclude>
    <ClInclude Include="Engine\Input\Mouse.hpp">
      <Filter>Engine\Input</Filter>
    </ClInclude>
    <ClInclude Include="Engine\Helpers\Timer.hpp">
      <Filter>Engine\Helpers</Filter>
    </ClInclude>
    <ClInclude Include="Engine\Helpers\Paths.hpp">
      <Filter>Engine\Helpers</Filter>
    </ClInclude>
    <ClInclude Include="Engine\Exceptions\GraphicsExceptions.hpp">
      <Filter>Engine\Exceptions</Filter>
    </ClInclude>
    <ClInclude Include="Engine\Graphics\Systems\DX11\IndexBuffer.hpp">
      <Filter>Engine\Graphics\Systems\DirectX11\Buffers</Filter>
    </ClInclude>
    <ClInclude Include="Engine\Graphics\Systems\DX11\ConstantBuffer.hpp">
      <Filter>Engine\Graphics\Systems\DirectX11\Buffers</Filter>
    </ClInclude>
    <ClInclude Include="Engine\Graphics\Systems\DX11\VertexBuffer.hpp">
      <Filter>Engine\Graphics\Systems\DirectX11\Buffers</Filter>
    </ClInclude>
    <ClInclude Include="Engine\Graphics\Systems\DX11\Shaders.hpp">
      <Filter>Engine\Graphics\Systems\DirectX11\Shaders</Filter>
    </ClInclude>
    <ClInclude Include="Engine\Base\Vertex.hpp">
      <Filter>Engine\Base</Filter>
    </ClInclude>
    <ClInclude Include="Engine\Base\Vector.hpp">
      <Filter>Engine\Base</Filter>
    </ClInclude>
    <ClInclude Include="Engine\Base\Transform.hpp">
      <Filter>Engine\Base</Filter>
    </ClInclude>
    <ClInclude Include="Includes\dxerr\dxerr.h">
      <Filter>Includes\dxerr</Filter>
    </ClInclude>
    <ClInclude Include="Engine\Exceptions\DxgiInfo.hpp">
      <Filter>Engine\Exceptions</Filter>
    </ClInclude>
    <ClInclude Include="Includes\ImGui\imgui_impl_dx11.h">
      <Filter>Includes\ImGui</Filter>
    </ClInclude>
    <ClInclude Include="Includes\ImGui\imgui_impl_dx12.h">
      <Filter>Includes\ImGui</Filter>
    </ClInclude>
    <ClInclude Include="Includes\ImGui\imgui_impl_win32.h">
      <Filter>Includes\ImGui</Filter>
    </ClInclude>
    <ClInclude Include="Includes\ImGui\imgui_internal.h">
      <Filter>Includes\ImGui</Filter>
    </ClInclude>
    <ClInclude Include="Includes\ImGui\imstb_rectpack.h">
      <Filter>Includes\ImGui</Filter>
    </ClInclude>
    <ClInclude Include="Includes\ImGui\imstb_textedit.h">
      <Filter>Includes\ImGui</Filter>
    </ClInclude>
    <ClInclude Include="Includes\ImGui\imstb_truetype.h">
      <Filter>Includes\ImGui</Filter>
    </ClInclude>
    <ClInclude Include="Includes\ImGui\imconfig.h">
      <Filter>Includes\ImGui</Filter>
    </ClInclude>
    <ClInclude Include="Includes\ImGui\imgui.h">
      <Filter>Includes\ImGui</Filter>
    </ClInclude>
    <ClInclude Include="Engine\Base\GameDataManager.hpp">
      <Filter>Engine\Base</Filter>
    </ClInclude>
    <ClInclude Include="Engine\Exceptions\WindowExceptions.hpp">
      <Filter>Engine\Exceptions</Filter>
    </ClInclude>
    <ClInclude Include="Engine\Base\GameData.hpp">
      <Filter>Engine\Base</Filter>
    </ClInclude>
    <ClInclude Include="Engine\Scene\TestMap.hpp">
      <Filter>Engine\Scene\Maps</Filter>
    </ClInclude>
    <ClInclude Include="Engine\Scene\Scene.hpp">
      <Filter>Engine\Scene</Filter>
    </ClInclude>
    <ClInclude Include="Engine\Scene\SceneObject.hpp">
      <Filter>Engine\Scene\Objects</Filter>
    </ClInclude>
    <ClInclude Include="Engine\Scene\SceneMap.hpp">
      <Filter>Engine\Scene\Maps</Filter>
    </ClInclude>
    <ClInclude Include="Engine\Scene\MeshComponent.hpp">
      <Filter>Engine\Scene\Components</Filter>
    </ClInclude>
    <ClInclude Include="Engine\Scene\SceneComponent.hpp">
      <Filter>Engine\Scene\Components</Filter>
    </ClInclude>
    <ClInclude Include="Engine\Scene\MeshObject.hpp">
      <Filter>Engine\Scene\Objects</Filter>
    </ClInclude>
    <ClInclude Include="Engine\Base\Transformable.hpp">
      <Filter>Engine\Base</Filter>
    </ClInclude>
    <ClInclude Include="Engine\Base\Rotator.hpp">
      <Filter>Engine\Base</Filter>
    </ClInclude>
    <ClInclude Include="Engine\Scene\CameraComponent.hpp">
      <Filter>Engine\Scene\Components</Filter>
    </ClInclude>
    <ClInclude Include="Engine\Base\Events.hpp">
      <Filter>Engine\Base</Filter>
    </ClInclude>
    <ClInclude Include="Engine\Scene\DefaultPlayerCameraComponent.hpp">
      <Filter>Engine\Scene\Components</Filter>
    </ClInclude>
    <ClInclude Include="Engine\Graphics\Renderer.hpp">
      <Filter>Engine\Graphics</Filter>
    </ClInclude>
    <ClInclude Include="Engine\Graphics\Systems\RenderingSystem.hpp">
      <Filter>Engine\Graphics\Systems</Filter>
    </ClInclude>
    <ClInclude Include="Engine\Graphics\Systems\DX11\RenderingSystemDX11.hpp">
      <Filter>Engine\Graphics\Systems\DirectX11</Filter>
    </ClInclude>
    <ClInclude Include="Engine\Graphics\Systems\DX11\DirectXDef.hpp">
      <Filter>Engine\Graphics\Systems\DirectX11</Filter>
    </ClInclude>
    <ClInclude Include="Engine\Graphics\Base\Texture2D.hpp">
      <Filter>Engine\Graphics\Base</Filter>
    </ClInclude>
    <ClInclude Include="Engine\Graphics\Base\Mesh.hpp">
      <Filter>Engine\Graphics\Base</Filter>
    </ClInclude>
    <ClInclude Include="Engine\Graphics\Base\Material.hpp">
      <Filter>Engine\Graphics\Base</Filter>
    </ClInclude>
    <ClInclude Include="Engine\Graphics\Systems\DX11\MeshDX11.hpp">
      <Filter>Engine\Graphics\Systems\DirectX11\Base</Filter>
    </ClInclude>
    <ClInclude Include="Engine\Graphics\Systems\DX11\GraphicAdapter.hpp">
      <Filter>Engine\Graphics\Systems\DirectX11</Filter>
    </ClInclude>
    <ClInclude Include="Engine\IO\SceneIO.hpp">
      <Filter>Engine\IO</Filter>
    </ClInclude>
    <ClInclude Include="Engine\IO\EngineIO.hpp">
      <Filter>Engine\IO</Filter>
    </ClInclude>
    <ClInclude Include="Engine\IO\RenderIO.hpp">
      <Filter>Engine\IO</Filter>
    </ClInclude>
    <ClInclude Include="Engine\Graphics\Systems\DX11\MaterialDX11.hpp">
      <Filter>Engine\Graphics\Systems\DirectX11\Base</Filter>
    </ClInclude>
    <ClInclude Include="Engine\Graphics\Systems\DX11\Texture2DDX11.hpp">
      <Filter>Engine\Graphics\Systems\DirectX11\Base</Filter>
    </ClInclude>
  </ItemGroup>
  <ItemGroup>
    <ResourceCompile Include="Engine\Window\LimeEngine.rc">
      <Filter>Engine\Window\Resources</Filter>
    </ResourceCompile>
  </ItemGroup>
  <ItemGroup>
    <Image Include="Engine\Window\cherry.ico">
      <Filter>Engine\Window\Resources</Filter>
    </Image>
  </ItemGroup>
  <ItemGroup>
    <FxCompile Include="PixelShader.hlsl">
      <Filter>Engine\Graphics\Resources\Shaders</Filter>
    </FxCompile>
    <FxCompile Include="VertexShader.hlsl">
      <Filter>Engine\Graphics\Resources\Shaders</Filter>
    </FxCompile>
  </ItemGroup>
  <ItemGroup>
    <None Include="Includes\dxerr\DXGetErrorDescription.inl">
      <Filter>Includes\dxerr</Filter>
    </None>
    <None Include="Includes\dxerr\DXGetErrorString.inl">
      <Filter>Includes\dxerr</Filter>
    </None>
    <None Include="Includes\dxerr\DXTrace.inl">
      <Filter>Includes\dxerr</Filter>
    </None>
  </ItemGroup>
</Project>