<?xml version="1.0" encoding="utf-8"?>
<Project ToolsVersion="4.0" xmlns="http://schemas.microsoft.com/developer/msbuild/2003">
  <ItemGroup>
    <Filter Include="Engine">
      <UniqueIdentifier>{ba329b0f-8768-498c-9520-18bff8b96efd}</UniqueIdentifier>
    </Filter>
    <Filter Include="Engine\Window">
      <UniqueIdentifier>{33bf96b8-e7da-4068-9f91-223681ec9396}</UniqueIdentifier>
    </Filter>
    <Filter Include="Engine\Exceptions">
      <UniqueIdentifier>{4eaf295e-1c90-4949-b131-9aa1c8203eaa}</UniqueIdentifier>
    </Filter>
    <Filter Include="Engine\Helpers">
      <UniqueIdentifier>{642d5d0c-4ef4-4349-98b0-0399ffb6f1bb}</UniqueIdentifier>
    </Filter>
    <Filter Include="Engine\Window\Resources">
      <UniqueIdentifier>{3b4eec78-24db-4d77-9e0b-8339e22e9f38}</UniqueIdentifier>
    </Filter>
    <Filter Include="Engine\Input">
      <UniqueIdentifier>{065edf82-b98b-4e8b-b622-e4211bf39a0a}</UniqueIdentifier>
    </Filter>
    <Filter Include="Engine\Graphics">
      <UniqueIdentifier>{9225a1bc-b0ad-4f9b-ae70-eccbc1974033}</UniqueIdentifier>
    </Filter>
    <Filter Include="Engine\Graphics\Resources">
      <UniqueIdentifier>{8d5860a3-2445-47cb-8c66-7c7a15667c3e}</UniqueIdentifier>
    </Filter>
    <Filter Include="Engine\Graphics\Resources\Shaders">
      <UniqueIdentifier>{d4f773c0-bed0-41c0-824d-39d148abe15d}</UniqueIdentifier>
    </Filter>
    <Filter Include="Engine\Graphics\Base">
      <UniqueIdentifier>{ed0dd5a7-b4ee-4554-9b34-aeb32bcde501}</UniqueIdentifier>
    </Filter>
    <Filter Include="Engine\Graphics\Buffers">
      <UniqueIdentifier>{6c98179c-6e73-483c-a639-f46e47503b90}</UniqueIdentifier>
    </Filter>
    <Filter Include="Engine\Scene">
      <UniqueIdentifier>{16109484-e514-4e56-a244-498ca46a9ed3}</UniqueIdentifier>
    </Filter>
    <Filter Include="Engine\Base">
      <UniqueIdentifier>{d0d4a15b-8c0e-46ef-9f39-6a5a96cec5aa}</UniqueIdentifier>
    </Filter>
    <Filter Include="Includes">
      <UniqueIdentifier>{e5656f2e-698b-4c52-aab7-672ea616c678}</UniqueIdentifier>
    </Filter>
    <Filter Include="Includes\dxerr">
      <UniqueIdentifier>{fd0a2959-07c6-4920-8d7e-59ef08c79e94}</UniqueIdentifier>
    </Filter>
    <Filter Include="Includes\ImGui">
      <UniqueIdentifier>{0b8bd258-fd1f-4616-8122-384f5f1b0e12}</UniqueIdentifier>
    </Filter>
  </ItemGroup>
  <ItemGroup>
    <ClCompile Include="Engine\Window\Window.cpp">
      <Filter>Engine\Window</Filter>
    </ClCompile>
    <ClCompile Include="Engine\Exceptions\EngineExceptions.cpp">
      <Filter>Engine\Exceptions</Filter>
    </ClCompile>
    <ClCompile Include="Engine\Helpers\StringHelper.cpp">
      <Filter>Engine\Helpers</Filter>
    </ClCompile>
    <ClCompile Include="Engine\Window\WinMain.cpp">
      <Filter>Engine\Window</Filter>
    </ClCompile>
    <ClCompile Include="Engine\Input\Keyboard.cpp">
      <Filter>Engine\Input</Filter>
    </ClCompile>
    <ClCompile Include="Engine\Input\InputDevice.cpp">
      <Filter>Engine\Input</Filter>
    </ClCompile>
    <ClCompile Include="Engine\Engine.cpp">
      <Filter>Engine</Filter>
    </ClCompile>
    <ClCompile Include="Engine\Input\Mouse.cpp">
      <Filter>Engine\Input</Filter>
    </ClCompile>
    <ClCompile Include="Engine\Helpers\Timer.cpp">
      <Filter>Engine\Helpers</Filter>
    </ClCompile>
    <ClCompile Include="Engine\Graphics\Graphics.cpp">
      <Filter>Engine\Graphics</Filter>
    </ClCompile>
    <ClCompile Include="Engine\Graphics\GraphicAdapter.cpp">
      <Filter>Engine\Graphics</Filter>
    </ClCompile>
    <ClCompile Include="Engine\Helpers\Paths.cpp">
      <Filter>Engine\Helpers</Filter>
    </ClCompile>
    <ClCompile Include="Engine\Exceptions\GraphicsExceptions.cpp">
      <Filter>Engine\Exceptions</Filter>
    </ClCompile>
    <ClCompile Include="Engine\Graphics\Buffers\IndexBuffer.cpp">
      <Filter>Engine\Graphics\Buffers</Filter>
    </ClCompile>
    <ClCompile Include="Engine\Graphics\Buffers\VertexBuffer.cpp">
      <Filter>Engine\Graphics\Buffers</Filter>
    </ClCompile>
    <ClCompile Include="Engine\Graphics\Shaders.cpp">
      <Filter>Engine\Graphics\Base</Filter>
    </ClCompile>
    <ClCompile Include="Engine\Scene\GameObject.cpp">
      <Filter>Engine\Scene</Filter>
    </ClCompile>
    <ClCompile Include="Engine\Base\Vertex.cpp">
      <Filter>Engine\Base</Filter>
    </ClCompile>
    <ClCompile Include="Engine\Base\Vector.cpp">
      <Filter>Engine\Base</Filter>
    </ClCompile>
    <ClCompile Include="Engine\Base\Transform.cpp">
      <Filter>Engine\Base</Filter>
    </ClCompile>
    <ClCompile Include="Engine\Scene\Camera.cpp">
      <Filter>Engine\Scene</Filter>
    </ClCompile>
    <ClCompile Include="Includes\dxerr\dxerr.cpp">
      <Filter>Includes\dxerr</Filter>
    </ClCompile>
    <ClCompile Include="Engine\Exceptions\DxgiInfo.cpp">
      <Filter>Engine\Exceptions</Filter>
    </ClCompile>
    <ClCompile Include="Includes\ImGui\imgui_impl_dx11.cpp">
      <Filter>Includes\ImGui</Filter>
    </ClCompile>
    <ClCompile Include="Includes\ImGui\imgui_impl_win32.cpp">
      <Filter>Includes\ImGui</Filter>
    </ClCompile>
    <ClCompile Include="Includes\ImGui\imgui_tables.cpp">
      <Filter>Includes\ImGui</Filter>
    </ClCompile>
    <ClCompile Include="Includes\ImGui\imgui_widgets.cpp">
      <Filter>Includes\ImGui</Filter>
    </ClCompile>
    <ClCompile Include="Includes\ImGui\imgui.cpp">
      <Filter>Includes\ImGui</Filter>
    </ClCompile>
    <ClCompile Include="Includes\ImGui\imgui_draw.cpp">
      <Filter>Includes\ImGui</Filter>
    </ClCompile>
    <ClCompile Include="Engine\Base\Texture2D.cpp">
      <Filter>Engine\Base</Filter>
    </ClCompile>
    <ClCompile Include="Engine\Base\Material.cpp">
      <Filter>Engine\Base</Filter>
    </ClCompile>
    <ClCompile Include="Engine\Base\Mesh.cpp">
      <Filter>Engine\Base</Filter>
    </ClCompile>
    <ClCompile Include="Engine\Base\GameDataManager.cpp">
      <Filter>Engine\Base</Filter>
    </ClCompile>
    <ClCompile Include="Engine\Base\Map.cpp">
      <Filter>Engine\Base</Filter>
    </ClCompile>
  </ItemGroup>
  <ItemGroup>
    <ClInclude Include="Engine\Window\resource.h">
      <Filter>Engine\Window\Resources</Filter>
    </ClInclude>
    <ClInclude Include="Engine\Window\Window.hpp">
      <Filter>Engine\Window</Filter>
    </ClInclude>
    <ClInclude Include="Engine\Exceptions\EngineExceptions.hpp">
      <Filter>Engine\Exceptions</Filter>
    </ClInclude>
    <ClInclude Include="Engine\Helpers\StringHelper.hpp">
      <Filter>Engine\Helpers</Filter>
    </ClInclude>
    <ClInclude Include="Engine\Input\Keyboard.hpp">
      <Filter>Engine\Input</Filter>
    </ClInclude>
    <ClInclude Include="Engine\Input\InputDevice.hpp">
      <Filter>Engine\Input</Filter>
    </ClInclude>
    <ClInclude Include="Engine\Engine.hpp">
      <Filter>Engine</Filter>
    </ClInclude>
    <ClInclude Include="Engine\Window\WinApi.hpp">
      <Filter>Engine\Window</Filter>
    </ClInclude>
    <ClInclude Include="Engine\Input\Mouse.hpp">
      <Filter>Engine\Input</Filter>
    </ClInclude>
    <ClInclude Include="Engine\Helpers\Timer.hpp">
      <Filter>Engine\Helpers</Filter>
    </ClInclude>
    <ClInclude Include="Engine\Graphics\Graphics.hpp">
      <Filter>Engine\Graphics</Filter>
    </ClInclude>
    <ClInclude Include="Engine\Graphics\DirectXDef.hpp">
      <Filter>Engine\Graphics</Filter>
    </ClInclude>
    <ClInclude Include="Engine\Graphics\GraphicAdapter.hpp">
      <Filter>Engine\Graphics</Filter>
    </ClInclude>
    <ClInclude Include="Engine\Helpers\Paths.hpp">
      <Filter>Engine\Helpers</Filter>
    </ClInclude>
    <ClInclude Include="Engine\Exceptions\GraphicsExceptions.hpp">
      <Filter>Engine\Exceptions</Filter>
    </ClInclude>
    <ClInclude Include="Engine\Graphics\Buffers\IndexBuffer.hpp">
      <Filter>Engine\Graphics\Buffers</Filter>
    </ClInclude>
    <ClInclude Include="Engine\Graphics\Buffers\ConstantBuffer.hpp">
      <Filter>Engine\Graphics\Buffers</Filter>
    </ClInclude>
    <ClInclude Include="Engine\Graphics\Buffers\VertexBuffer.hpp">
      <Filter>Engine\Graphics\Buffers</Filter>
    </ClInclude>
    <ClInclude Include="Engine\Graphics\Shaders.hpp">
      <Filter>Engine\Graphics\Base</Filter>
    </ClInclude>
    <ClInclude Include="Engine\Scene\GameObject.hpp">
      <Filter>Engine\Scene</Filter>
    </ClInclude>
    <ClInclude Include="Engine\Base\Vertex.hpp">
      <Filter>Engine\Base</Filter>
    </ClInclude>
    <ClInclude Include="Engine\Base\Vector.hpp">
      <Filter>Engine\Base</Filter>
    </ClInclude>
    <ClInclude Include="Engine\Base\Transform.hpp">
      <Filter>Engine\Base</Filter>
    </ClInclude>
    <ClInclude Include="Engine\Scene\Camera.hpp">
      <Filter>Engine\Scene</Filter>
    </ClInclude>
    <ClInclude Include="Includes\dxerr\dxerr.h">
      <Filter>Includes\dxerr</Filter>
    </ClInclude>
    <ClInclude Include="Engine\Exceptions\DxgiInfo.hpp">
      <Filter>Engine\Exceptions</Filter>
    </ClInclude>
    <ClInclude Include="Includes\ImGui\imgui_impl_dx11.h">
      <Filter>Includes\ImGui</Filter>
    </ClInclude>
    <ClInclude Include="Includes\ImGui\imgui_impl_dx12.h">
      <Filter>Includes\ImGui</Filter>
    </ClInclude>
    <ClInclude Include="Includes\ImGui\imgui_impl_win32.h">
      <Filter>Includes\ImGui</Filter>
    </ClInclude>
    <ClInclude Include="Includes\ImGui\imgui_internal.h">
      <Filter>Includes\ImGui</Filter>
    </ClInclude>
    <ClInclude Include="Includes\ImGui\imstb_rectpack.h">
      <Filter>Includes\ImGui</Filter>
    </ClInclude>
    <ClInclude Include="Includes\ImGui\imstb_textedit.h">
      <Filter>Includes\ImGui</Filter>
    </ClInclude>
    <ClInclude Include="Includes\ImGui\imstb_truetype.h">
      <Filter>Includes\ImGui</Filter>
    </ClInclude>
    <ClInclude Include="Includes\ImGui\imconfig.h">
      <Filter>Includes\ImGui</Filter>
    </ClInclude>
    <ClInclude Include="Includes\ImGui\imgui.h">
      <Filter>Includes\ImGui</Filter>
    </ClInclude>
    <ClInclude Include="Engine\Base\Texture2D.hpp">
      <Filter>Engine\Base</Filter>
    </ClInclude>
    <ClInclude Include="Engine\Base\Mesh.hpp">
      <Filter>Engine\Base</Filter>
    </ClInclude>
    <ClInclude Include="Engine\Base\Material.hpp">
      <Filter>Engine\Base</Filter>
    </ClInclude>
    <ClInclude Include="Engine\Base\GameDataManager.hpp">
      <Filter>Engine\Base</Filter>
    </ClInclude>
    <ClInclude Include="Engine\Base\Map.hpp">
      <Filter>Engine\Base</Filter>
    </ClInclude>
  </ItemGroup>
  <ItemGroup>
    <ResourceCompile Include="Engine\Window\GameEngine.rc">
      <Filter>Engine\Window\Resources</Filter>
    </ResourceCompile>
  </ItemGroup>
  <ItemGroup>
    <Image Include="Engine\Window\cherry.ico">
      <Filter>Engine\Window\Resources</Filter>
    </Image>
  </ItemGroup>
  <ItemGroup>
    <FxCompile Include="PixelShader.hlsl">
      <Filter>Engine\Graphics\Resources\Shaders</Filter>
    </FxCompile>
    <FxCompile Include="VertexShader.hlsl">
      <Filter>Engine\Graphics\Resources\Shaders</Filter>
    </FxCompile>
  </ItemGroup>
  <ItemGroup>
    <None Include="Includes\dxerr\DXGetErrorDescription.inl">
      <Filter>Includes\dxerr</Filter>
    </None>
    <None Include="Includes\dxerr\DXGetErrorString.inl">
      <Filter>Includes\dxerr</Filter>
    </None>
    <None Include="Includes\dxerr\DXTrace.inl">
      <Filter>Includes\dxerr</Filter>
    </None>
  </ItemGroup>
</Project>