<?xml version="1.0" encoding="utf-8"?>
<Project ToolsVersion="4.0" xmlns="http://schemas.microsoft.com/developer/msbuild/2003">
  <ItemGroup>
    <Filter Include="Engine">
      <UniqueIdentifier>{ba329b0f-8768-498c-9520-18bff8b96efd}</UniqueIdentifier>
    </Filter>
    <Filter Include="Engine\Window">
      <UniqueIdentifier>{33bf96b8-e7da-4068-9f91-223681ec9396}</UniqueIdentifier>
    </Filter>
    <Filter Include="Engine\Exceptions">
      <UniqueIdentifier>{4eaf295e-1c90-4949-b131-9aa1c8203eaa}</UniqueIdentifier>
    </Filter>
    <Filter Include="Engine\Helpers">
      <UniqueIdentifier>{642d5d0c-4ef4-4349-98b0-0399ffb6f1bb}</UniqueIdentifier>
    </Filter>
    <Filter Include="Engine\Window\Resources">
      <UniqueIdentifier>{3b4eec78-24db-4d77-9e0b-8339e22e9f38}</UniqueIdentifier>
    </Filter>
    <Filter Include="Engine\Input">
      <UniqueIdentifier>{065edf82-b98b-4e8b-b622-e4211bf39a0a}</UniqueIdentifier>
    </Filter>
    <Filter Include="Engine\Graphics">
      <UniqueIdentifier>{9225a1bc-b0ad-4f9b-ae70-eccbc1974033}</UniqueIdentifier>
    </Filter>
    <Filter Include="Engine\Graphics\Resources">
      <UniqueIdentifier>{8d5860a3-2445-47cb-8c66-7c7a15667c3e}</UniqueIdentifier>
    </Filter>
    <Filter Include="Engine\Graphics\Resources\Shaders">
      <UniqueIdentifier>{d4f773c0-bed0-41c0-824d-39d148abe15d}</UniqueIdentifier>
    </Filter>
    <Filter Include="Engine\Graphics\Base">
      <UniqueIdentifier>{ed0dd5a7-b4ee-4554-9b34-aeb32bcde501}</UniqueIdentifier>
    </Filter>
  </ItemGroup>
  <ItemGroup>
    <ClCompile Include="Window\Window.cpp">
      <Filter>Engine\Window</Filter>
    </ClCompile>
    <ClCompile Include="Exceptions\EngineExceptions.cpp">
      <Filter>Engine\Exceptions</Filter>
    </ClCompile>
    <ClCompile Include="Helpers\StringHelper.cpp">
      <Filter>Engine\Helpers</Filter>
    </ClCompile>
    <ClCompile Include="Window\WinMain.cpp">
      <Filter>Engine\Window</Filter>
    </ClCompile>
    <ClCompile Include="Input\Keyboard.cpp">
      <Filter>Engine\Input</Filter>
    </ClCompile>
    <ClCompile Include="Input\InputDevice.cpp">
      <Filter>Engine\Input</Filter>
    </ClCompile>
    <ClCompile Include="Engine.cpp">
      <Filter>Engine</Filter>
    </ClCompile>
    <ClCompile Include="Input\Mouse.cpp">
      <Filter>Engine\Input</Filter>
    </ClCompile>
    <ClCompile Include="Helpers\Timer.cpp">
      <Filter>Engine\Helpers</Filter>
    </ClCompile>
    <ClCompile Include="Graphics\Graphics.cpp">
      <Filter>Engine\Graphics</Filter>
    </ClCompile>
    <ClCompile Include="Graphics\GraphicAdapter.cpp">
      <Filter>Engine\Graphics</Filter>
    </ClCompile>
    <ClCompile Include="Graphics\Shaders.cpp">
      <Filter>Engine\Graphics</Filter>
    </ClCompile>
    <ClCompile Include="Helpers\Paths.cpp">
      <Filter>Engine\Helpers</Filter>
    </ClCompile>
    <ClCompile Include="Graphics\Vertex.cpp">
      <Filter>Engine\Graphics\Base</Filter>
    </ClCompile>
  </ItemGroup>
  <ItemGroup>
    <ClInclude Include="Window\resource.h">
      <Filter>Engine\Window\Resources</Filter>
    </ClInclude>
    <ClInclude Include="Window\Window.hpp">
      <Filter>Engine\Window</Filter>
    </ClInclude>
    <ClInclude Include="Exceptions\EngineExceptions.hpp">
      <Filter>Engine\Exceptions</Filter>
    </ClInclude>
    <ClInclude Include="Helpers\StringHelper.hpp">
      <Filter>Engine\Helpers</Filter>
    </ClInclude>
    <ClInclude Include="Input\Keyboard.hpp">
      <Filter>Engine\Input</Filter>
    </ClInclude>
    <ClInclude Include="Input\InputDevice.hpp">
      <Filter>Engine\Input</Filter>
    </ClInclude>
    <ClInclude Include="Engine.hpp">
      <Filter>Engine</Filter>
    </ClInclude>
    <ClInclude Include="Window\WinApi.hpp">
      <Filter>Engine\Window</Filter>
    </ClInclude>
    <ClInclude Include="Input\Mouse.hpp">
      <Filter>Engine\Input</Filter>
    </ClInclude>
    <ClInclude Include="Helpers\Timer.hpp">
      <Filter>Engine\Helpers</Filter>
    </ClInclude>
    <ClInclude Include="Graphics\Graphics.hpp">
      <Filter>Engine\Graphics</Filter>
    </ClInclude>
    <ClInclude Include="Graphics\DirectXDef.hpp">
      <Filter>Engine\Graphics</Filter>
    </ClInclude>
    <ClInclude Include="Graphics\GraphicAdapter.hpp">
      <Filter>Engine\Graphics</Filter>
    </ClInclude>
    <ClInclude Include="Graphics\Shaders.hpp">
      <Filter>Engine\Graphics</Filter>
    </ClInclude>
    <ClInclude Include="Helpers\Paths.hpp">
      <Filter>Engine\Helpers</Filter>
    </ClInclude>
    <ClInclude Include="Graphics\Vertex.hpp">
      <Filter>Engine\Graphics\Base</Filter>
    </ClInclude>
  </ItemGroup>
  <ItemGroup>
    <ResourceCompile Include="Window\GameEngine.rc">
      <Filter>Engine\Window\Resources</Filter>
    </ResourceCompile>
  </ItemGroup>
  <ItemGroup>
    <Image Include="Window\cherry.ico">
      <Filter>Engine\Window\Resources</Filter>
    </Image>
  </ItemGroup>
  <ItemGroup>
    <FxCompile Include="PixelShader.hlsl">
      <Filter>Engine\Graphics\Resources\Shaders</Filter>
    </FxCompile>
    <FxCompile Include="VertexShader.hlsl">
      <Filter>Engine\Graphics\Resources\Shaders</Filter>
    </FxCompile>
  </ItemGroup>
</Project>